
Microsoft Visual Studio Solution File, Format Version 12.00
# Visual Studio Version 17
VisualStudioVersion = 17.3.32929.385
MinimumVisualStudioVersion = 10.0.40219.1
Project("{9A19103F-16F7-4668-BE54-9A1E7A4F7556}") = "Ovn1", "Ovn1\Ovn1.csproj", "{A71B8668-6662-4751-A607-9E31EBC27779}"
EndProject
Project("{9A19103F-16F7-4668-BE54-9A1E7A4F7556}") = "Ovn2", "Ovn2\Ovn2.csproj", "{3DCB6654-7E5F-4E5C-8E91-84F558757600}"
EndProject
Project("{FAE04EC0-301F-11D3-BF4B-00C04F79EFBC}") = "Ovn3", "Ovn3\Ovn3.csproj", "{72C7AAF2-8925-4601-A99A-F3A1170C20F4}"
EndProject
Global
	GlobalSection(SolutionConfigurationPlatforms) = preSolution
		Debug|Any CPU = Debug|Any CPU
		Release|Any CPU = Release|Any CPU
	EndGlobalSection
	GlobalSection(ProjectConfigurationPlatforms) = postSolution
		{A71B8668-6662-4751-A607-9E31EBC27779}.Debug|Any CPU.ActiveCfg = Debug|Any CPU
		{A71B8668-6662-4751-A607-9E31EBC27779}.Debug|Any CPU.Build.0 = Debug|Any CPU
		{A71B8668-6662-4751-A607-9E31EBC27779}.Release|Any CPU.ActiveCfg = Release|Any CPU
		{A71B8668-6662-4751-A607-9E31EBC27779}.Release|Any CPU.Build.0 = Release|Any CPU
		{3DCB6654-7E5F-4E5C-8E91-84F558757600}.Debug|Any CPU.ActiveCfg = Debug|Any CPU
		{3DCB6654-7E5F-4E5C-8E91-84F558757600}.Debug|Any CPU.Build.0 = Debug|Any CPU
		{3DCB6654-7E5F-4E5C-8E91-84F558757600}.Release|Any CPU.ActiveCfg = Release|Any CPU
		{3DCB6654-7E5F-4E5C-8E91-84F558757600}.Release|Any CPU.Build.0 = Release|Any CPU
		{72C7AAF2-8925-4601-A99A-F3A1170C20F4}.Debug|Any CPU.ActiveCfg = Debug|Any CPU
		{72C7AAF2-8925-4601-A99A-F3A1170C20F4}.Debug|Any CPU.Build.0 = Debug|Any CPU
		{72C7AAF2-8925-4601-A99A-F3A1170C20F4}.Release|Any CPU.ActiveCfg = Release|Any CPU
		{72C7AAF2-8925-4601-A99A-F3A1170C20F4}.Release|Any CPU.Build.0 = Release|Any CPU
	EndGlobalSection
	GlobalSection(SolutionProperties) = preSolution
		HideSolutionNode = FALSE
	EndGlobalSection
	GlobalSection(ExtensibilityGlobals) = postSolution
		SolutionGuid = {DB9295E3-0068-4C1E-A624-43FDD46899F5}
	EndGlobalSection
EndGlobal
